
Microsoft Visual Studio Solution File, Format Version 12.00
# Visual Studio Version 16
VisualStudioVersion = 16.0.0.0
MinimumVisualStudioVersion = 16.0.0.0
Project("{9A19103F-16F7-4668-BE54-9A1E7A4F7556}") = "BNDT.Windows", "BNDT.Windows\BNDT.Windows.csproj", "{EFC88794-8EBC-4894-A466-B088EE648AC6}"
EndProject
Project("{9A19103F-16F7-4668-BE54-9A1E7A4F7556}") = "BNDT.Game", "BNDT.Game\BNDT.Game.csproj", "{DBB9D895-4F33-49C7-81F4-82D8679FBEFA}"
EndProject
Global
	GlobalSection(SolutionConfigurationPlatforms) = preSolution
		Debug|Any CPU = Debug|Any CPU
		Release|Any CPU = Release|Any CPU
	EndGlobalSection
	GlobalSection(ProjectConfigurationPlatforms) = postSolution
		{EFC88794-8EBC-4894-A466-B088EE648AC6}.Debug|Any CPU.ActiveCfg = Debug|Any CPU
		{EFC88794-8EBC-4894-A466-B088EE648AC6}.Debug|Any CPU.Build.0 = Debug|Any CPU
		{EFC88794-8EBC-4894-A466-B088EE648AC6}.Release|Any CPU.ActiveCfg = Release|Any CPU
		{EFC88794-8EBC-4894-A466-B088EE648AC6}.Release|Any CPU.Build.0 = Release|Any CPU
		{DBB9D895-4F33-49C7-81F4-82D8679FBEFA}.Debug|Any CPU.ActiveCfg = Debug|Any CPU
		{DBB9D895-4F33-49C7-81F4-82D8679FBEFA}.Debug|Any CPU.Build.0 = Debug|Any CPU
		{DBB9D895-4F33-49C7-81F4-82D8679FBEFA}.Release|Any CPU.ActiveCfg = Release|Any CPU
		{DBB9D895-4F33-49C7-81F4-82D8679FBEFA}.Release|Any CPU.Build.0 = Release|Any CPU
	EndGlobalSection
	GlobalSection(SolutionProperties) = preSolution
		HideSolutionNode = FALSE
	EndGlobalSection
	GlobalSection(ExtensibilityGlobals) = postSolution
		SolutionGuid = {7AFCFF18-2766-4D50-8C8C-6F955E07EFC0}
	EndGlobalSection
EndGlobal
